
Microsoft Visual Studio Solution File, Format Version 12.00
# Visual Studio Version 17
VisualStudioVersion = 17.4.33213.308
MinimumVisualStudioVersion = 10.0.40219.1
Project("{FAE04EC0-301F-11D3-BF4B-00C04F79EFBC}") = "NeuralNetwork", "NeuralNetwork\NeuralNetwork.csproj", "{2174492F-30A5-4684-A682-43A94D3FA053}"
EndProject
Global
	GlobalSection(SolutionConfigurationPlatforms) = preSolution
		Debug|Any CPU = Debug|Any CPU
		Release|Any CPU = Release|Any CPU
	EndGlobalSection
	GlobalSection(ProjectConfigurationPlatforms) = postSolution
		{2174492F-30A5-4684-A682-43A94D3FA053}.Debug|Any CPU.ActiveCfg = Debug|Any CPU
		{2174492F-30A5-4684-A682-43A94D3FA053}.Debug|Any CPU.Build.0 = Debug|Any CPU
		{2174492F-30A5-4684-A682-43A94D3FA053}.Release|Any CPU.ActiveCfg = Release|Any CPU
		{2174492F-30A5-4684-A682-43A94D3FA053}.Release|Any CPU.Build.0 = Release|Any CPU
	EndGlobalSection
	GlobalSection(SolutionProperties) = preSolution
		HideSolutionNode = FALSE
	EndGlobalSection
	GlobalSection(ExtensibilityGlobals) = postSolution
		SolutionGuid = {AA8679EB-F3BE-46B7-9677-5F6DA2D75EEE}
	EndGlobalSection
EndGlobal
